{
  "name": "website-photo-gallery-widget",
  "version": "1.1.2",
  "lockfileVersion": 1,
  "requires": true,
  "dependencies": {
    "typescript": {
      "version": "4.0.5",
      "resolved": "https://registry.npmjs.org/typescript/-/typescript-4.0.5.tgz",
      "integrity": "sha512-ywmr/VrTVCmNTJ6iV2LwIrfG1P+lv6luD8sUJs+2eI9NLGigaN+nUQc13iHqisq7bra9lnmUSYqbJvegraBOPQ==",
      "dev": true
    },
    "uglify-js": {
      "version": "3.11.5",
      "resolved": "https://registry.npmjs.org/uglify-js/-/uglify-js-3.11.5.tgz",
      "integrity": "sha512-btvv/baMqe7HxP7zJSF7Uc16h1mSfuuSplT0/qdjxseesDU+yYzH33eHBH+eMdeRXwujXspaCTooWHQVVBh09w==",
      "dev": true
    }
  }
}
